
Microsoft Visual Studio Solution File, Format Version 12.00
# Visual Studio 14
VisualStudioVersion = 14.0.25420.1
MinimumVisualStudioVersion = 10.0.40219.1
Project("{FAE04EC0-301F-11D3-BF4B-00C04F79EFBC}") = "MBM.BL", "MBM.BL\MBM.BL.csproj", "{725B9D5D-C5A0-4F72-8371-2CD3616BBD27}"
EndProject
Project("{2150E333-8FDC-42A3-9474-1A3956D46DE8}") = "Tests", "Tests", "{F157B782-60BE-47B6-B155-7C4C643F3F76}"
EndProject
Project("{FAE04EC0-301F-11D3-BF4B-00C04F79EFBC}") = "MBM.BLTest", "MBM.BLTest\MBM.BLTest.csproj", "{6662AB67-172B-407E-8909-C32D96348AFC}"
EndProject
Project("{FAE04EC0-301F-11D3-BF4B-00C04F79EFBC}") = "MBM.DL", "MBM.Data\MBM.DL.csproj", "{450EAB9F-3407-413D-B802-7BAF6AEB6575}"
EndProject
Project("{FAE04EC0-301F-11D3-BF4B-00C04F79EFBC}") = "MBM.WPF.INTERNAL", "MBM.WPF.ADMIN\MBM.WPF.INTERNAL.csproj", "{7F15AB59-9D04-4FB4-8A04-009D0775DEC6}"
EndProject
Project("{FAE04EC0-301F-11D3-BF4B-00C04F79EFBC}") = "Common", "Common\Common.csproj", "{0232DE9F-841F-4326-88AF-3785BFC883C9}"
EndProject
Project("{FAE04EC0-301F-11D3-BF4B-00C04F79EFBC}") = "CommonTest", "CommonTest\CommonTest.csproj", "{2675A655-B1F4-4FD4-9E0B-0CB67ADFCCA4}"
EndProject
Project("{FAE04EC0-301F-11D3-BF4B-00C04F79EFBC}") = "MBM.WCF", "MBM.WebService\MBM.WCF.csproj", "{0A630F74-C25C-4020-BF48-DCD87379AC15}"
EndProject
Project("{FAE04EC0-301F-11D3-BF4B-00C04F79EFBC}") = "MBM.WPF.EXTERNAL", "MBM.WPF.CLIENT\MBM.WPF.EXTERNAL.csproj", "{5201A461-6E1D-4D7E-9106-61BC87860CF2}"
	ProjectSection(ProjectDependencies) = postProject
		{0A630F74-C25C-4020-BF48-DCD87379AC15} = {0A630F74-C25C-4020-BF48-DCD87379AC15}
	EndProjectSection
EndProject
Global
	GlobalSection(Performance) = preSolution
		HasPerformanceSessions = true
	EndGlobalSection
	GlobalSection(SolutionConfigurationPlatforms) = preSolution
		Debug|Any CPU = Debug|Any CPU
		Release|Any CPU = Release|Any CPU
	EndGlobalSection
	GlobalSection(ProjectConfigurationPlatforms) = postSolution
		{725B9D5D-C5A0-4F72-8371-2CD3616BBD27}.Debug|Any CPU.ActiveCfg = Debug|Any CPU
		{725B9D5D-C5A0-4F72-8371-2CD3616BBD27}.Debug|Any CPU.Build.0 = Debug|Any CPU
		{725B9D5D-C5A0-4F72-8371-2CD3616BBD27}.Release|Any CPU.ActiveCfg = Release|Any CPU
		{725B9D5D-C5A0-4F72-8371-2CD3616BBD27}.Release|Any CPU.Build.0 = Release|Any CPU
		{6662AB67-172B-407E-8909-C32D96348AFC}.Debug|Any CPU.ActiveCfg = Debug|Any CPU
		{6662AB67-172B-407E-8909-C32D96348AFC}.Debug|Any CPU.Build.0 = Debug|Any CPU
		{6662AB67-172B-407E-8909-C32D96348AFC}.Release|Any CPU.ActiveCfg = Release|Any CPU
		{6662AB67-172B-407E-8909-C32D96348AFC}.Release|Any CPU.Build.0 = Release|Any CPU
		{450EAB9F-3407-413D-B802-7BAF6AEB6575}.Debug|Any CPU.ActiveCfg = Debug|Any CPU
		{450EAB9F-3407-413D-B802-7BAF6AEB6575}.Debug|Any CPU.Build.0 = Debug|Any CPU
		{450EAB9F-3407-413D-B802-7BAF6AEB6575}.Release|Any CPU.ActiveCfg = Release|Any CPU
		{450EAB9F-3407-413D-B802-7BAF6AEB6575}.Release|Any CPU.Build.0 = Release|Any CPU
		{7F15AB59-9D04-4FB4-8A04-009D0775DEC6}.Debug|Any CPU.ActiveCfg = Debug|Any CPU
		{7F15AB59-9D04-4FB4-8A04-009D0775DEC6}.Debug|Any CPU.Build.0 = Debug|Any CPU
		{7F15AB59-9D04-4FB4-8A04-009D0775DEC6}.Release|Any CPU.ActiveCfg = Release|Any CPU
		{7F15AB59-9D04-4FB4-8A04-009D0775DEC6}.Release|Any CPU.Build.0 = Release|Any CPU
		{0232DE9F-841F-4326-88AF-3785BFC883C9}.Debug|Any CPU.ActiveCfg = Debug|Any CPU
		{0232DE9F-841F-4326-88AF-3785BFC883C9}.Debug|Any CPU.Build.0 = Debug|Any CPU
		{0232DE9F-841F-4326-88AF-3785BFC883C9}.Release|Any CPU.ActiveCfg = Release|Any CPU
		{0232DE9F-841F-4326-88AF-3785BFC883C9}.Release|Any CPU.Build.0 = Release|Any CPU
		{2675A655-B1F4-4FD4-9E0B-0CB67ADFCCA4}.Debug|Any CPU.ActiveCfg = Debug|Any CPU
		{2675A655-B1F4-4FD4-9E0B-0CB67ADFCCA4}.Debug|Any CPU.Build.0 = Debug|Any CPU
		{2675A655-B1F4-4FD4-9E0B-0CB67ADFCCA4}.Release|Any CPU.ActiveCfg = Release|Any CPU
		{2675A655-B1F4-4FD4-9E0B-0CB67ADFCCA4}.Release|Any CPU.Build.0 = Release|Any CPU
		{0A630F74-C25C-4020-BF48-DCD87379AC15}.Debug|Any CPU.ActiveCfg = Debug|Any CPU
		{0A630F74-C25C-4020-BF48-DCD87379AC15}.Debug|Any CPU.Build.0 = Debug|Any CPU
		{0A630F74-C25C-4020-BF48-DCD87379AC15}.Release|Any CPU.ActiveCfg = Release|Any CPU
		{0A630F74-C25C-4020-BF48-DCD87379AC15}.Release|Any CPU.Build.0 = Release|Any CPU
		{5201A461-6E1D-4D7E-9106-61BC87860CF2}.Debug|Any CPU.ActiveCfg = Debug|Any CPU
		{5201A461-6E1D-4D7E-9106-61BC87860CF2}.Debug|Any CPU.Build.0 = Debug|Any CPU
		{5201A461-6E1D-4D7E-9106-61BC87860CF2}.Release|Any CPU.ActiveCfg = Release|Any CPU
		{5201A461-6E1D-4D7E-9106-61BC87860CF2}.Release|Any CPU.Build.0 = Release|Any CPU
	EndGlobalSection
	GlobalSection(SolutionProperties) = preSolution
		HideSolutionNode = FALSE
	EndGlobalSection
	GlobalSection(NestedProjects) = preSolution
		{6662AB67-172B-407E-8909-C32D96348AFC} = {F157B782-60BE-47B6-B155-7C4C643F3F76}
		{2675A655-B1F4-4FD4-9E0B-0CB67ADFCCA4} = {F157B782-60BE-47B6-B155-7C4C643F3F76}
	EndGlobalSection
EndGlobal
