
Microsoft Visual Studio Solution File, Format Version 12.00
# Visual Studio 14
VisualStudioVersion = 14.0.25420.1
MinimumVisualStudioVersion = 10.0.40219.1
Project("{FAE04EC0-301F-11D3-BF4B-00C04F79EFBC}") = "MBM.BL", "MBM.BL\MBM.BL.csproj", "{725B9D5D-C5A0-4F72-8371-2CD3616BBD27}"
EndProject
Project("{2150E333-8FDC-42A3-9474-1A3956D46DE8}") = "Tests", "Tests", "{F157B782-60BE-47B6-B155-7C4C643F3F76}"
EndProject
Project("{FAE04EC0-301F-11D3-BF4B-00C04F79EFBC}") = "MBM.BLTest", "MBM.BLTest\MBM.BLTest.csproj", "{6662AB67-172B-407E-8909-C32D96348AFC}"
EndProject
Project("{FAE04EC0-301F-11D3-BF4B-00C04F79EFBC}") = "MBM.Repository", "MBM.Data\MBM.Repository.csproj", "{450EAB9F-3407-413D-B802-7BAF6AEB6575}"
EndProject
Global
	GlobalSection(SolutionConfigurationPlatforms) = preSolution
		Debug|Any CPU = Debug|Any CPU
		Release|Any CPU = Release|Any CPU
	EndGlobalSection
	GlobalSection(ProjectConfigurationPlatforms) = postSolution
		{725B9D5D-C5A0-4F72-8371-2CD3616BBD27}.Debug|Any CPU.ActiveCfg = Debug|Any CPU
		{725B9D5D-C5A0-4F72-8371-2CD3616BBD27}.Debug|Any CPU.Build.0 = Debug|Any CPU
		{725B9D5D-C5A0-4F72-8371-2CD3616BBD27}.Release|Any CPU.ActiveCfg = Release|Any CPU
		{725B9D5D-C5A0-4F72-8371-2CD3616BBD27}.Release|Any CPU.Build.0 = Release|Any CPU
		{6662AB67-172B-407E-8909-C32D96348AFC}.Debug|Any CPU.ActiveCfg = Debug|Any CPU
		{6662AB67-172B-407E-8909-C32D96348AFC}.Debug|Any CPU.Build.0 = Debug|Any CPU
		{6662AB67-172B-407E-8909-C32D96348AFC}.Release|Any CPU.ActiveCfg = Release|Any CPU
		{6662AB67-172B-407E-8909-C32D96348AFC}.Release|Any CPU.Build.0 = Release|Any CPU
		{450EAB9F-3407-413D-B802-7BAF6AEB6575}.Debug|Any CPU.ActiveCfg = Debug|Any CPU
		{450EAB9F-3407-413D-B802-7BAF6AEB6575}.Debug|Any CPU.Build.0 = Debug|Any CPU
		{450EAB9F-3407-413D-B802-7BAF6AEB6575}.Release|Any CPU.ActiveCfg = Release|Any CPU
		{450EAB9F-3407-413D-B802-7BAF6AEB6575}.Release|Any CPU.Build.0 = Release|Any CPU
	EndGlobalSection
	GlobalSection(SolutionProperties) = preSolution
		HideSolutionNode = FALSE
	EndGlobalSection
	GlobalSection(NestedProjects) = preSolution
		{6662AB67-172B-407E-8909-C32D96348AFC} = {F157B782-60BE-47B6-B155-7C4C643F3F76}
	EndGlobalSection
EndGlobal
